
Microsoft Visual Studio Solution File, Format Version 12.00
# Visual Studio Version 16
VisualStudioVersion = 16.0.29609.76
MinimumVisualStudioVersion = 10.0.40219.1
Project("{FAE04EC0-301F-11D3-BF4B-00C04F79EFBC}") = "NPCVehicleSync", "NPCVehicleSync\NPCVehicleSync.csproj", "{D3504BF1-036A-463B-9D39-21B6A3A08AEF}"
EndProject
Global
	GlobalSection(SolutionConfigurationPlatforms) = preSolution
		Debug|Any CPU = Debug|Any CPU
		Release|Any CPU = Release|Any CPU
	EndGlobalSection
	GlobalSection(ProjectConfigurationPlatforms) = postSolution
		{D3504BF1-036A-463B-9D39-21B6A3A08AEF}.Debug|Any CPU.ActiveCfg = Debug|Any CPU
		{D3504BF1-036A-463B-9D39-21B6A3A08AEF}.Debug|Any CPU.Build.0 = Debug|Any CPU
		{D3504BF1-036A-463B-9D39-21B6A3A08AEF}.Release|Any CPU.ActiveCfg = Release|Any CPU
		{D3504BF1-036A-463B-9D39-21B6A3A08AEF}.Release|Any CPU.Build.0 = Release|Any CPU
	EndGlobalSection
	GlobalSection(SolutionProperties) = preSolution
		HideSolutionNode = FALSE
	EndGlobalSection
	GlobalSection(ExtensibilityGlobals) = postSolution
		SolutionGuid = {C8821AE3-0B67-42EC-AD12-F3F953701B04}
	EndGlobalSection
EndGlobal
